# This file is automatically @generated by Cargo.
# It is not intended for manual editing.
[[package]]
name = "addr"
version = "0.10.2"
source = "registry+https://github.com/rust-lang/crates.io-index"
checksum = "5a5e7db5f792889907ffbac0d5ae789f30e2d6da42010cd334ac46a4c1a18de4"
dependencies = [
 "psl-types",
]

[[package]]
name = "psl"
version = "2.0.3"
source = "registry+https://github.com/rust-lang/crates.io-index"
checksum = "d8298b5be6a771ca6bdbac659bdcbddda4086751e5c7c7384c63b2c783c37615"
dependencies = [
 "psl-types",
]

[[package]]
name = "psl-types"
version = "2.0.0"
source = "registry+https://github.com/rust-lang/crates.io-index"
checksum = "6965c475bd5e246212552c0fe586c073fc2b23bbd946e17e31a117ba799a68f5"

[[package]]
name = "rust-psl"
version = "0.1.0"
dependencies = [
 "addr",
 "psl",
]
